
Microsoft Visual Studio Solution File, Format Version 12.00
# Visual Studio Version 16
VisualStudioVersion = 16.0.29306.81
MinimumVisualStudioVersion = 10.0.40219.1
Project("{FAE04EC0-301F-11D3-BF4B-00C04F79EFBC}") = "SemesterProj", "SemesterProj\SemesterProj.csproj", "{4F9C2860-D0A4-4D6A-A0A7-544FA71B93AB}"
EndProject
Global
	GlobalSection(SolutionConfigurationPlatforms) = preSolution
		Debug|Any CPU = Debug|Any CPU
		Release|Any CPU = Release|Any CPU
	EndGlobalSection
	GlobalSection(ProjectConfigurationPlatforms) = postSolution
		{4F9C2860-D0A4-4D6A-A0A7-544FA71B93AB}.Debug|Any CPU.ActiveCfg = Debug|Any CPU
		{4F9C2860-D0A4-4D6A-A0A7-544FA71B93AB}.Debug|Any CPU.Build.0 = Debug|Any CPU
		{4F9C2860-D0A4-4D6A-A0A7-544FA71B93AB}.Release|Any CPU.ActiveCfg = Release|Any CPU
		{4F9C2860-D0A4-4D6A-A0A7-544FA71B93AB}.Release|Any CPU.Build.0 = Release|Any CPU
	EndGlobalSection
	GlobalSection(SolutionProperties) = preSolution
		HideSolutionNode = FALSE
	EndGlobalSection
	GlobalSection(ExtensibilityGlobals) = postSolution
		SolutionGuid = {52A087EC-E2A8-46D7-9EC7-44FC2FD0E5CE}
	EndGlobalSection
EndGlobal
